# THIS IS AN AUTOGENERATED FILE. DO NOT EDIT THIS FILE DIRECTLY.
# yarn lockfile v1


materialize-css@^1.0.0:
  version "1.0.0"
  resolved "https://registry.yarnpkg.com/materialize-css/-/materialize-css-1.0.0.tgz#8d5db1c4a81c6d65f3b2e2ca83a8e08daa24d1be"
  integrity sha512-4/oecXl8y/1i8RDZvyvwAICyqwNoKU4or5uf8uoAd74k76KzZ0Llym4zhJ5lLNUskcqjO0AuMcvNyDkpz8Z6zw==

vue-router@^3.0.2:
  version "3.0.2"
  resolved "https://registry.yarnpkg.com/vue-router/-/vue-router-3.0.2.tgz#dedc67afe6c4e2bc25682c8b1c2a8c0d7c7e56be"
  integrity sha512-opKtsxjp9eOcFWdp6xLQPLmRGgfM932Tl56U9chYTnoWqKxQ8M20N7AkdEbM5beUh6wICoFGYugAX9vQjyJLFg==

vue@^2.6.2:
  version "2.6.2"
  resolved "https://registry.yarnpkg.com/vue/-/vue-2.6.2.tgz#1cc9c9c8f7ba8df45e9b97c284947de78b76301c"
  integrity sha512-NZAb0H+t3/99g2nygURcEJ+ncvzNLPiEiFI5MGhc1Cjsw5uYprF+Ol7SOd1RXPcmVVzK7jUBl0th2tNgt+VQDg==
